{
  "version": 4,
  "terraform_version": "1.3.5",
  "serial": 50,
  "lineage": "e8946ee8-a676-ea4a-5dfb-972d84df4aec",
  "outputs": {},
  "resources": [
    {
      "mode": "managed",
      "type": "google_cloud_scheduler_job",
      "name": "job",
      "provider": "provider[\"registry.terraform.io/hashicorp/google\"]",
      "instances": [
        {
          "schema_version": 0,
          "attributes": {
            "app_engine_http_target": [],
            "attempt_deadline": "320s",
            "description": "schedualed task for graphql key rotation",
            "http_target": [
              {
                "body": "",
                "headers": {},
                "http_method": "GET",
                "oauth_token": [],
                "oidc_token": [
                  {
                    "audience": "https://us-central1-hermesengine.cloudfunctions.net/main-apollo-router-key-rotator",
                    "service_account_email": "key-rotator@hermesengine.iam.gserviceaccount.com"
                  }
                ],
                "uri": "https://us-central1-hermesengine.cloudfunctions.net/main-apollo-router-key-rotator"
              }
            ],
            "id": "projects/hermesengine/locations/us-central1/jobs/main-key-rotation",
            "name": "main-key-rotation",
            "paused": false,
            "project": "hermesengine",
            "pubsub_target": [],
            "region": "us-central1",
            "retry_config": [],
            "schedule": "0 0 1 * *",
            "state": "ENABLED",
            "time_zone": "America/New_York",
            "timeouts": null
          },
          "sensitive_attributes": [],
          "private": "eyJlMmJmYjczMC1lY2FhLTExZTYtOGY4OC0zNDM2M2JjN2M0YzAiOnsiY3JlYXRlIjoxMjAwMDAwMDAwMDAwLCJkZWxldGUiOjEyMDAwMDAwMDAwMDAsInVwZGF0ZSI6MTIwMDAwMDAwMDAwMH19",
          "dependencies": [
            "google_cloudfunctions_function.main",
            "google_secret_manager_secret.apollo_key",
            "google_secret_manager_secret.supergraph_api_key",
            "google_secret_manager_secret_version.apollo_key",
            "google_service_account.key-rotator",
            "google_storage_bucket.bucket",
            "google_storage_bucket_object.archive"
          ]
        }
      ]
    },
    {
      "mode": "managed",
      "type": "google_cloudfunctions_function",
      "name": "main",
      "provider": "provider[\"registry.terraform.io/hashicorp/google\"]",
      "instances": [
        {
          "schema_version": 0,
          "attributes": {
            "available_memory_mb": 256,
            "build_environment_variables": null,
            "build_worker_pool": "",
            "description": "Creates and rotates secure api keys for communication between cloud router and subgraphs.",
            "docker_registry": "CONTAINER_REGISTRY",
            "docker_repository": "",
            "entry_point": "main",
            "environment_variables": {
              "APOLLO_API_URI": "https://graphql.api.apollographql.com/api/graphql",
              "GRAPH_ID": "key-rotator-test",
              "GRAPH_VARIANT": "main",
              "SECRET_NAME": "projects/596927705694/secrets/MAIN_SUPERGRAPH_API_KEY"
            },
            "event_trigger": [],
            "https_trigger_security_level": "SECURE_ALWAYS",
            "https_trigger_url": "https://us-central1-hermesengine.cloudfunctions.net/main-apollo-router-key-rotator",
            "id": "projects/hermesengine/locations/us-central1/functions/main-apollo-router-key-rotator",
            "ingress_settings": "ALLOW_ALL",
            "kms_key_name": "",
            "labels": {
              "graph_variant": "main"
            },
            "max_instances": 0,
            "min_instances": 0,
            "name": "main-apollo-router-key-rotator",
            "project": "hermesengine",
            "region": "us-central1",
            "runtime": "nodejs16",
            "secret_environment_variables": [
              {
                "key": "APOLLO_KEY",
                "project_id": "596927705694",
                "secret": "APOLLO_KEY",
                "version": "1"
              }
            ],
            "secret_volumes": [],
            "service_account_email": "key-rotator@hermesengine.iam.gserviceaccount.com",
            "source_archive_bucket": "main-apollo-router-key-rotator",
            "source_archive_object": "function-source.zip",
            "source_repository": [],
            "timeout": 60,
            "timeouts": null,
            "trigger_http": true,
            "vpc_connector": "",
            "vpc_connector_egress_settings": ""
          },
          "sensitive_attributes": [],
          "private": "eyJlMmJmYjczMC1lY2FhLTExZTYtOGY4OC0zNDM2M2JjN2M0YzAiOnsiY3JlYXRlIjozMDAwMDAwMDAwMDAsImRlbGV0ZSI6MzAwMDAwMDAwMDAwLCJyZWFkIjozMDAwMDAwMDAwMDAsInVwZGF0ZSI6MzAwMDAwMDAwMDAwfX0=",
          "dependencies": [
            "google_secret_manager_secret.apollo_key",
            "google_secret_manager_secret.supergraph_api_key",
            "google_secret_manager_secret_version.apollo_key",
            "google_service_account.key-rotator",
            "google_storage_bucket.bucket",
            "google_storage_bucket_object.archive"
          ]
        }
      ]
    },
    {
      "mode": "managed",
      "type": "google_cloudfunctions_function_iam_member",
      "name": "invoker",
      "provider": "provider[\"registry.terraform.io/hashicorp/google\"]",
      "instances": [
        {
          "schema_version": 0,
          "attributes": {
            "cloud_function": "projects/hermesengine/locations/us-central1/functions/main-apollo-router-key-rotator",
            "condition": [],
            "etag": "BwXuFfeXVto=",
            "id": "projects/hermesengine/locations/us-central1/functions/main-apollo-router-key-rotator/roles/cloudfunctions.invoker/serviceAccount:key-rotator@hermesengine.iam.gserviceaccount.com",
            "member": "serviceAccount:key-rotator@hermesengine.iam.gserviceaccount.com",
            "project": "hermesengine",
            "region": "us-central1",
            "role": "roles/cloudfunctions.invoker"
          },
          "sensitive_attributes": [],
          "private": "bnVsbA==",
          "dependencies": [
            "google_cloudfunctions_function.main",
            "google_secret_manager_secret.apollo_key",
            "google_secret_manager_secret.supergraph_api_key",
            "google_secret_manager_secret_version.apollo_key",
            "google_service_account.key-rotator",
            "google_storage_bucket.bucket",
            "google_storage_bucket_object.archive"
          ]
        }
      ]
    },
    {
      "mode": "managed",
      "type": "google_secret_manager_secret",
      "name": "apollo_key",
      "provider": "provider[\"registry.terraform.io/hashicorp/google\"]",
      "instances": [
        {
          "schema_version": 0,
          "attributes": {
            "create_time": "2022-11-22T22:09:57.121310Z",
            "expire_time": "",
            "id": "projects/hermesengine/secrets/APOLLO_KEY",
            "labels": {},
            "name": "projects/596927705694/secrets/APOLLO_KEY",
            "project": "hermesengine",
            "replication": [
              {
                "automatic": true,
                "user_managed": []
              }
            ],
            "rotation": [],
            "secret_id": "APOLLO_KEY",
            "timeouts": null,
            "topics": [],
            "ttl": null
          },
          "sensitive_attributes": [],
          "private": "eyJlMmJmYjczMC1lY2FhLTExZTYtOGY4OC0zNDM2M2JjN2M0YzAiOnsiY3JlYXRlIjoxMjAwMDAwMDAwMDAwLCJkZWxldGUiOjEyMDAwMDAwMDAwMDAsInVwZGF0ZSI6MTIwMDAwMDAwMDAwMH19"
        }
      ]
    },
    {
      "mode": "managed",
      "type": "google_secret_manager_secret",
      "name": "supergraph_api_key",
      "provider": "provider[\"registry.terraform.io/hashicorp/google\"]",
      "instances": [
        {
          "schema_version": 0,
          "attributes": {
            "create_time": "2022-11-22T20:16:20.841114Z",
            "expire_time": "",
            "id": "projects/hermesengine/secrets/MAIN_SUPERGRAPH_API_KEY",
            "labels": {
              "graph_variant": "main"
            },
            "name": "projects/596927705694/secrets/MAIN_SUPERGRAPH_API_KEY",
            "project": "hermesengine",
            "replication": [
              {
                "automatic": true,
                "user_managed": []
              }
            ],
            "rotation": [],
            "secret_id": "MAIN_SUPERGRAPH_API_KEY",
            "timeouts": null,
            "topics": [],
            "ttl": null
          },
          "sensitive_attributes": [],
          "private": "eyJlMmJmYjczMC1lY2FhLTExZTYtOGY4OC0zNDM2M2JjN2M0YzAiOnsiY3JlYXRlIjoxMjAwMDAwMDAwMDAwLCJkZWxldGUiOjEyMDAwMDAwMDAwMDAsInVwZGF0ZSI6MTIwMDAwMDAwMDAwMH19"
        }
      ]
    },
    {
      "mode": "managed",
      "type": "google_secret_manager_secret_iam_member",
      "name": "apollo_key_grant",
      "provider": "provider[\"registry.terraform.io/hashicorp/google\"]",
      "instances": [
        {
          "schema_version": 0,
          "attributes": {
            "condition": [],
            "etag": "BwXuFvDOACY=",
            "id": "projects/hermesengine/secrets/APOLLO_KEY/roles/secretmanager.secretAccessor/serviceAccount:key-rotator@hermesengine.iam.gserviceaccount.com",
            "member": "serviceAccount:key-rotator@hermesengine.iam.gserviceaccount.com",
            "project": "hermesengine",
            "role": "roles/secretmanager.secretAccessor",
            "secret_id": "projects/hermesengine/secrets/APOLLO_KEY"
          },
          "sensitive_attributes": [],
          "private": "bnVsbA==",
          "dependencies": [
            "google_secret_manager_secret.apollo_key",
            "google_service_account.key-rotator"
          ]
        }
      ]
    },
    {
      "mode": "managed",
      "type": "google_secret_manager_secret_iam_member",
      "name": "supergraph_api_key_grant_accessor",
      "provider": "provider[\"registry.terraform.io/hashicorp/google\"]",
      "instances": [
        {
          "schema_version": 0,
          "attributes": {
            "condition": [],
            "etag": "BwXuFwDtUfs=",
            "id": "projects/hermesengine/secrets/MAIN_SUPERGRAPH_API_KEY/roles/secretmanager.secretAccessor/serviceAccount:key-rotator@hermesengine.iam.gserviceaccount.com",
            "member": "serviceAccount:key-rotator@hermesengine.iam.gserviceaccount.com",
            "project": "hermesengine",
            "role": "roles/secretmanager.secretAccessor",
            "secret_id": "projects/hermesengine/secrets/MAIN_SUPERGRAPH_API_KEY"
          },
          "sensitive_attributes": [],
          "private": "bnVsbA==",
          "dependencies": [
            "google_secret_manager_secret.supergraph_api_key",
            "google_service_account.key-rotator"
          ]
        }
      ]
    },
    {
      "mode": "managed",
      "type": "google_secret_manager_secret_iam_member",
      "name": "supergraph_api_key_grant_manager",
      "provider": "provider[\"registry.terraform.io/hashicorp/google\"]",
      "instances": [
        {
          "schema_version": 0,
          "attributes": {
            "condition": [],
            "etag": "BwXuFwDtUfs=",
            "id": "projects/hermesengine/secrets/MAIN_SUPERGRAPH_API_KEY/roles/secretmanager.secretVersionManager/serviceAccount:key-rotator@hermesengine.iam.gserviceaccount.com",
            "member": "serviceAccount:key-rotator@hermesengine.iam.gserviceaccount.com",
            "project": "hermesengine",
            "role": "roles/secretmanager.secretVersionManager",
            "secret_id": "projects/hermesengine/secrets/MAIN_SUPERGRAPH_API_KEY"
          },
          "sensitive_attributes": [],
          "private": "bnVsbA==",
          "dependencies": [
            "google_secret_manager_secret.supergraph_api_key",
            "google_service_account.key-rotator"
          ]
        }
      ]
    },
    {
      "mode": "managed",
      "type": "google_secret_manager_secret_version",
      "name": "apollo_key",
      "provider": "provider[\"registry.terraform.io/hashicorp/google\"]",
      "instances": [
        {
          "schema_version": 0,
          "attributes": {
            "create_time": "2022-11-22T22:09:58.048976Z",
            "destroy_time": "",
            "enabled": true,
            "id": "projects/596927705694/secrets/APOLLO_KEY/versions/1",
            "name": "projects/596927705694/secrets/APOLLO_KEY/versions/1",
            "secret": "projects/hermesengine/secrets/APOLLO_KEY",
            "secret_data": "service:key-rotator-test:akheUvdJwxnePHPLpCajJw",
            "timeouts": null,
            "version": "1"
          },
          "sensitive_attributes": [],
          "private": "eyJlMmJmYjczMC1lY2FhLTExZTYtOGY4OC0zNDM2M2JjN2M0YzAiOnsiY3JlYXRlIjoxMjAwMDAwMDAwMDAwLCJkZWxldGUiOjEyMDAwMDAwMDAwMDB9fQ==",
          "dependencies": [
            "google_secret_manager_secret.apollo_key"
          ]
        }
      ]
    },
    {
      "mode": "managed",
      "type": "google_service_account",
      "name": "key-rotator",
      "provider": "provider[\"registry.terraform.io/hashicorp/google\"]",
      "instances": [
        {
          "schema_version": 0,
          "attributes": {
            "account_id": "key-rotator",
            "description": "",
            "disabled": false,
            "display_name": "",
            "email": "key-rotator@hermesengine.iam.gserviceaccount.com",
            "id": "projects/hermesengine/serviceAccounts/key-rotator@hermesengine.iam.gserviceaccount.com",
            "member": "serviceAccount:key-rotator@hermesengine.iam.gserviceaccount.com",
            "name": "projects/hermesengine/serviceAccounts/key-rotator@hermesengine.iam.gserviceaccount.com",
            "project": "hermesengine",
            "timeouts": null,
            "unique_id": "100496065687310028227"
          },
          "sensitive_attributes": [],
          "private": "eyJlMmJmYjczMC1lY2FhLTExZTYtOGY4OC0zNDM2M2JjN2M0YzAiOnsiY3JlYXRlIjozMDAwMDAwMDAwMDB9fQ=="
        }
      ]
    },
    {
      "mode": "managed",
      "type": "google_service_account_key",
      "name": "key-rotator",
      "provider": "provider[\"registry.terraform.io/hashicorp/google\"]",
      "instances": [
        {
          "schema_version": 0,
          "attributes": {
            "id": "projects/hermesengine/serviceAccounts/key-rotator@hermesengine.iam.gserviceaccount.com/keys/4b3f0c6e0648545b1d92d4b26b2da4414ca98724",
            "keepers": null,
            "key_algorithm": "KEY_ALG_RSA_2048",
            "name": "projects/hermesengine/serviceAccounts/key-rotator@hermesengine.iam.gserviceaccount.com/keys/4b3f0c6e0648545b1d92d4b26b2da4414ca98724",
            "private_key": "ewogICJ0eXBlIjogInNlcnZpY2VfYWNjb3VudCIsCiAgInByb2plY3RfaWQiOiAiaGVybWVzZW5naW5lIiwKICAicHJpdmF0ZV9rZXlfaWQiOiAiNGIzZjBjNmUwNjQ4NTQ1YjFkOTJkNGIyNmIyZGE0NDE0Y2E5ODcyNCIsCiAgInByaXZhdGVfa2V5IjogIi0tLS0tQkVHSU4gUFJJVkFURSBLRVktLS0tLVxuTUlJRXZnSUJBREFOQmdrcWhraUc5dzBCQVFFRkFBU0NCS2d3Z2dTa0FnRUFBb0lCQVFEUmZwNTZoUndyNDhIOVxueUFKRGh3WDNpNkhEZUJxclJScHVYMDlIWHpXcGNhTkZKWjRaVnJtZjBwYUFoNkJ1OFFweWc3Q0tuKzBqbGtuclxuWnNuYjFySXlybjlxN1A0ZjVUMC9Dd0xWK1EzNUo0NHFwdko5OXhOQXplaCtRZVduRGRucDRkY1NDZDU0QWRZeVxuMGNPTWt5bUxXOXVqR1NoTS9IcC9xd3dEdWNCdzJYdzJENmQ0MkpqaU5ZSC9zMXl3K2dyTmh5dVJpZTdZRHZ4TlxuTk5jRkZ5V0pnSW9pSzRFVnZuamxDRzhzMWNaODZ0SE9vNmp1ZExlNU5pNms1WVI5VmFhRFpOaWN1RGp1ellWU1xuTEI3Q0wwTndsa2Q2T3gwZDJaVUZxemxPUWpPQWovbVVlcGpDSFZncWgxejhyUkk1WGIzT0JzazBtR2ZnTlFiWlxubUJUbjlTNVhBZ01CQUFFQ2dnRUFYQ3N5aTJINzZuMXFrSDZLTEc1LzNCRGxTeXdRdzdDRDkvSmIzV0ZRcVN0elxuYzAwaEdUSFVPakk2Ly9KcnpkT2p6bzBNdzNpb0t3T0lveFpXa2krTHVBdVl5SkRiSDJwS2YyMlhRayt3YTZHUlxuQlVmdElTbHVvWkRXREpKdWVRaDVpdEpQUHNMenkyVzNlU1ZidlFIVUFkbVlzTkcxTHVYWCtVcG1YMDgra1FiNlxubUlKd2hPbmdhVGR5blo1eUNXaGdQRElmWEM0STNpc2VQektLbG0wS3RLMjJqMFNKeGRwTmxFdmorb2Y1WC9TMFxua2pSMG5EaGg4cFlDdWJsZWtKVlZ1ZThQWDBOTitUaDZUUCtOM3JIb21aVFNmODJQcTZjTG9VMGNCUGdVMk5UZVxudTBqZWQ5R0Z0ck5wU3k3TVREUlRTWDE1MzgybTZHejFoNUhHcDgxRFVRS0JnUUR3Z1FLclZkbDBENFZ2elhycVxuR25zSFI4K1F0OXNJL3BlMzR3Q1dxUDA3VmVJaXRGYXJEM2VVL0ZhRDBLb0lnOFVzRTRCYmYrZ250OTd3UFJCUlxudkhKaHY5VkhvbHdaNURVUUd6dVV3QVZJVlhSUTk5UUJucUpuTTVQYWp4OXRsYkhmNDh0Vm8xZHlMejk2UDJ1VlxuM2xzMTd0WjUraDQvSHN3TGJUUUNWQmVicHdLQmdRRGUvaUFheVd2NWIrU1JLdnEveFVCZGlGVk5DM2g5Vm85OVxuSEUwUm92cEdZWit1TDloSDBtOHZyRnhxbUU5cXZ3Z2ZHZ3VJSVlGaktoSlNPSEF1Q3pjdFdVZ3Boc3VBTG5jaFxueXJjMkhmM0tKM1R3OVl4Y3NkdGdhRnE0VTRBSkFBekdQbDlMa1FXL2paeVltanFqL0NWVGJxZXhHNDZ2UDB6bVxuVGpTZFdtOXQwUUtCZ1FDWjF0d2ZQclh2SUhLSlZwWFdJNFFvM3cxdGs3MS9IbU5zRTc5dm43OEQ4bWJKTGpQMlxuRGRtL0tqNG82Uk9xaUtkYUQwdGV2QTJEUW9GUGlLL2txTGM5d1ppcXpyYzlOSldnck5yS3hwMWFiSmNQcDhjc1xuRmczcUY3cnU1ZmdEZitxY3ZUaDJtaG80aHZLQ3Z3aVJmLzgyRzRXRDFyTDhTelhYNVUyTVk4QUtKd0tCZ0IxTVxub0tWRVgrYUhXQzNteXNtVnZrNUwwb0ZzQjJuWWpNUHdpd1BOT1RzMEtvbjFpV0p1ZU9OM3J6RG1VRkVEUnFyblxuZmlwbDFKMVY4dEJRMEJTTXJyUkxyZHFlOW5BaUtzOEsxcVhLclFUNXlEaTgyck4zUHc3Y3gwYSsyZXpVejlqZ1xuYXg3L3NCU3FJN0E5VzRVZVpUMGdKZkowWDN3UlFpWmtraTgycWJ0eEFvR0JBTjZ2R1V0bWJrejJmVTh2KzV1bVxuUGQ3dHJTdkNhK25PSW8xaGZSWmdWeE1PNXNwTHZDbWs1VVoraWlkNyt6a3NOMmg2Zk9idXY2eGJXRTVLcm9zUlxuNXo1ZjJGa20rRnJ4c1NtcjVkVjhSRnkvUm9LYko1Ry9EdlZFQ0JkdEZ6enBoTXdmTlJTaVFTVnRwSEZObldSbVxuVVIvdjVhY3p1Wk5FY1JPL0hRd0FUNE4wXG4tLS0tLUVORCBQUklWQVRFIEtFWS0tLS0tXG4iLAogICJjbGllbnRfZW1haWwiOiAia2V5LXJvdGF0b3JAaGVybWVzZW5naW5lLmlhbS5nc2VydmljZWFjY291bnQuY29tIiwKICAiY2xpZW50X2lkIjogIjEwMDQ5NjA2NTY4NzMxMDAyODIyNyIsCiAgImF1dGhfdXJpIjogImh0dHBzOi8vYWNjb3VudHMuZ29vZ2xlLmNvbS9vL29hdXRoMi9hdXRoIiwKICAidG9rZW5fdXJpIjogImh0dHBzOi8vb2F1dGgyLmdvb2dsZWFwaXMuY29tL3Rva2VuIiwKICAiYXV0aF9wcm92aWRlcl94NTA5X2NlcnRfdXJsIjogImh0dHBzOi8vd3d3Lmdvb2dsZWFwaXMuY29tL29hdXRoMi92MS9jZXJ0cyIsCiAgImNsaWVudF94NTA5X2NlcnRfdXJsIjogImh0dHBzOi8vd3d3Lmdvb2dsZWFwaXMuY29tL3JvYm90L3YxL21ldGFkYXRhL3g1MDkva2V5LXJvdGF0b3IlNDBoZXJtZXNlbmdpbmUuaWFtLmdzZXJ2aWNlYWNjb3VudC5jb20iCn0K",
            "private_key_type": "TYPE_GOOGLE_CREDENTIALS_FILE",
            "public_key": "LS0tLS1CRUdJTiBDRVJUSUZJQ0FURS0tLS0tCk1JSUMvRENDQWVTZ0F3SUJBZ0lJUnhKM2wyNFdyaVl3RFFZSktvWklodmNOQVFFRkJRQXdJREVlTUJ3R0ExVUUKQXhNVk1UQXdORGsyTURZMU5qZzNNekV3TURJNE1qSTNNQ0FYRFRJeU1URXlNakl3TVRZeU1sb1lEems1T1RreApNak14TWpNMU9UVTVXakFnTVI0d0hBWURWUVFERXhVeE1EQTBPVFl3TmpVMk9EY3pNVEF3TWpneU1qY3dnZ0VpCk1BMEdDU3FHU0liM0RRRUJBUVVBQTRJQkR3QXdnZ0VLQW9JQkFRRFJmcDU2aFJ3cjQ4SDl5QUpEaHdYM2k2SEQKZUJxclJScHVYMDlIWHpXcGNhTkZKWjRaVnJtZjBwYUFoNkJ1OFFweWc3Q0tuKzBqbGtuclpzbmIxckl5cm45cQo3UDRmNVQwL0N3TFYrUTM1SjQ0cXB2Sjk5eE5BemVoK1FlV25EZG5wNGRjU0NkNTRBZFl5MGNPTWt5bUxXOXVqCkdTaE0vSHAvcXd3RHVjQncyWHcyRDZkNDJKamlOWUgvczF5dytnck5oeXVSaWU3WUR2eE5OTmNGRnlXSmdJb2kKSzRFVnZuamxDRzhzMWNaODZ0SE9vNmp1ZExlNU5pNms1WVI5VmFhRFpOaWN1RGp1ellWU0xCN0NMME53bGtkNgpPeDBkMlpVRnF6bE9Rak9Bai9tVWVwakNIVmdxaDF6OHJSSTVYYjNPQnNrMG1HZmdOUWJabUJUbjlTNVhBZ01CCkFBR2pPREEyTUF3R0ExVWRFd0VCL3dRQ01BQXdEZ1lEVlIwUEFRSC9CQVFEQWdlQU1CWUdBMVVkSlFFQi93UU0KTUFvR0NDc0dBUVVGQndNQ01BMEdDU3FHU0liM0RRRUJCUVVBQTRJQkFRRElRQzIrNTlEejJuS0NZN0pIZzArLwpBazBURTFjVktYa2pWdmNEREJpWThKeWhSS1puQXhvcnpDTmoyVWlFcTdnaWdyUnIyMDZqeGhFQjlzMjh3M1BTCkVicWtNdzFqQkJ1N1RmTk84SnpCcHdBUDRlWXNzbjFMeWFpdld0ZExxOWhBOHRRMjdESWhzOXNjeDB5d0E3eVQKY1VYZ3RLYzIrL0luaTlrMFprOFowVnhucEY1b3F1ZnJZL2p6Z3g5b01obTFiSm1VbkZqWUk5RmdTYVUwSGFtagpRM3VRek9FT3FjMC9Ha0NaKzhkQllleHB0NkgzYlZRMW84bmZIRWx4Y2ZTYVFJL3V0N01NNnFtd3JWZVlkL1YwCkRjbk1YdXlLMEZRL05PbXBqRHlObVZJOTdBMlBZWldvZDZacnB2YUtDalJobEV1M3BmZGVmZ2lTU29iK0R5cGoKLS0tLS1FTkQgQ0VSVElGSUNBVEUtLS0tLQo=",
            "public_key_data": null,
            "public_key_type": "TYPE_X509_PEM_FILE",
            "service_account_id": "projects/hermesengine/serviceAccounts/key-rotator@hermesengine.iam.gserviceaccount.com",
            "valid_after": "2022-11-22T20:16:22Z",
            "valid_before": "9999-12-31T23:59:59Z"
          },
          "sensitive_attributes": [],
          "private": "bnVsbA==",
          "dependencies": [
            "google_service_account.key-rotator"
          ]
        }
      ]
    },
    {
      "mode": "managed",
      "type": "google_storage_bucket",
      "name": "bucket",
      "provider": "provider[\"registry.terraform.io/hashicorp/google\"]",
      "instances": [
        {
          "schema_version": 0,
          "attributes": {
            "cors": [],
            "custom_placement_config": [],
            "default_event_based_hold": false,
            "encryption": [],
            "force_destroy": false,
            "id": "main-apollo-router-key-rotator",
            "labels": {},
            "lifecycle_rule": [],
            "location": "US",
            "logging": [],
            "name": "main-apollo-router-key-rotator",
            "project": "hermesengine",
            "public_access_prevention": "inherited",
            "requester_pays": false,
            "retention_policy": [],
            "self_link": "https://www.googleapis.com/storage/v1/b/main-apollo-router-key-rotator",
            "storage_class": "STANDARD",
            "timeouts": null,
            "uniform_bucket_level_access": false,
            "url": "gs://main-apollo-router-key-rotator",
            "versioning": [],
            "website": []
          },
          "sensitive_attributes": [],
          "private": "eyJlMmJmYjczMC1lY2FhLTExZTYtOGY4OC0zNDM2M2JjN2M0YzAiOnsiY3JlYXRlIjoyNDAwMDAwMDAwMDAsInJlYWQiOjI0MDAwMDAwMDAwMCwidXBkYXRlIjoyNDAwMDAwMDAwMDB9fQ=="
        }
      ]
    },
    {
      "mode": "managed",
      "type": "google_storage_bucket_object",
      "name": "archive",
      "provider": "provider[\"registry.terraform.io/hashicorp/google\"]",
      "instances": [
        {
          "schema_version": 0,
          "attributes": {
            "bucket": "main-apollo-router-key-rotator",
            "cache_control": "",
            "content": null,
            "content_disposition": "",
            "content_encoding": "",
            "content_language": "",
            "content_type": "application/zip",
            "crc32c": "IE+loA==",
            "customer_encryption": [],
            "detect_md5hash": "xY11u3HbPdUqkO2SGMKH/g==",
            "event_based_hold": false,
            "id": "main-apollo-router-key-rotator-function-source.zip",
            "kms_key_name": "",
            "md5hash": "xY11u3HbPdUqkO2SGMKH/g==",
            "media_link": "https://storage.googleapis.com/download/storage/v1/b/main-apollo-router-key-rotator/o/function-source.zip?generation=1669152456929723\u0026alt=media",
            "metadata": {},
            "name": "function-source.zip",
            "output_name": "function-source.zip",
            "self_link": "https://www.googleapis.com/storage/v1/b/main-apollo-router-key-rotator/o/function-source.zip",
            "source": "../function-source.zip",
            "storage_class": "STANDARD",
            "temporary_hold": false,
            "timeouts": null
          },
          "sensitive_attributes": [],
          "private": "eyJlMmJmYjczMC1lY2FhLTExZTYtOGY4OC0zNDM2M2JjN2M0YzAiOnsiY3JlYXRlIjoyNDAwMDAwMDAwMDAsImRlbGV0ZSI6MjQwMDAwMDAwMDAwLCJ1cGRhdGUiOjI0MDAwMDAwMDAwMH19",
          "dependencies": [
            "google_storage_bucket.bucket"
          ]
        }
      ]
    }
  ],
  "check_results": null
}
